
Microsoft Visual Studio Solution File, Format Version 12.00
# Visual Studio Version 17
VisualStudioVersion = 17.12.35521.163 d17.12
MinimumVisualStudioVersion = 10.0.40219.1
Project("{FAE04EC0-301F-11D3-BF4B-00C04F79EFBC}") = "App1.Android", "App1.Android\App1.Android.csproj", "{0C46960E-D090-43AA-B2E1-35ED35237D10}"
EndProject
Project("{FAE04EC0-301F-11D3-BF4B-00C04F79EFBC}") = "App1.iOS", "App1.iOS\App1.iOS.csproj", "{DEBE0B52-3F19-4285-B514-868F135B553F}"
EndProject
Project("{FAE04EC0-301F-11D3-BF4B-00C04F79EFBC}") = "App1", "App1\App1.csproj", "{A07EE877-7164-4D70-BADE-C657FE16A087}"
EndProject
Global
	GlobalSection(SolutionConfigurationPlatforms) = preSolution
		Debug|Any CPU = Debug|Any CPU
		Release|Any CPU = Release|Any CPU
	EndGlobalSection
	GlobalSection(ProjectConfigurationPlatforms) = postSolution
		{0C46960E-D090-43AA-B2E1-35ED35237D10}.Debug|Any CPU.ActiveCfg = Debug|Any CPU
		{0C46960E-D090-43AA-B2E1-35ED35237D10}.Debug|Any CPU.Build.0 = Debug|Any CPU
		{0C46960E-D090-43AA-B2E1-35ED35237D10}.Debug|Any CPU.Deploy.0 = Debug|Any CPU
		{0C46960E-D090-43AA-B2E1-35ED35237D10}.Release|Any CPU.ActiveCfg = Release|Any CPU
		{0C46960E-D090-43AA-B2E1-35ED35237D10}.Release|Any CPU.Build.0 = Release|Any CPU
		{0C46960E-D090-43AA-B2E1-35ED35237D10}.Release|Any CPU.Deploy.0 = Release|Any CPU
		{DEBE0B52-3F19-4285-B514-868F135B553F}.Debug|Any CPU.ActiveCfg = Debug|iPhone
		{DEBE0B52-3F19-4285-B514-868F135B553F}.Debug|Any CPU.Build.0 = Debug|iPhone
		{DEBE0B52-3F19-4285-B514-868F135B553F}.Debug|Any CPU.Deploy.0 = Debug|iPhone
		{DEBE0B52-3F19-4285-B514-868F135B553F}.Release|Any CPU.ActiveCfg = Release|iPhoneSimulator
		{DEBE0B52-3F19-4285-B514-868F135B553F}.Release|Any CPU.Build.0 = Release|iPhoneSimulator
		{DEBE0B52-3F19-4285-B514-868F135B553F}.Release|Any CPU.Deploy.0 = Release|iPhoneSimulator
		{A07EE877-7164-4D70-BADE-C657FE16A087}.Debug|Any CPU.ActiveCfg = Debug|Any CPU
		{A07EE877-7164-4D70-BADE-C657FE16A087}.Debug|Any CPU.Build.0 = Debug|Any CPU
		{A07EE877-7164-4D70-BADE-C657FE16A087}.Debug|Any CPU.Deploy.0 = Debug|Any CPU
		{A07EE877-7164-4D70-BADE-C657FE16A087}.Release|Any CPU.ActiveCfg = Release|Any CPU
		{A07EE877-7164-4D70-BADE-C657FE16A087}.Release|Any CPU.Build.0 = Release|Any CPU
		{A07EE877-7164-4D70-BADE-C657FE16A087}.Release|Any CPU.Deploy.0 = Release|Any CPU
	EndGlobalSection
	GlobalSection(SolutionProperties) = preSolution
		HideSolutionNode = FALSE
	EndGlobalSection
EndGlobal
